
Microsoft Visual Studio Solution File, Format Version 12.00
# Visual Studio Express 2012 for Windows Desktop
Project("{FAE04EC0-301F-11D3-BF4B-00C04F79EFBC}") = "ScreenshotInject", "ScreenshotInject\ScreenshotInject.csproj", "{0E19B078-C22D-4C1B-81AA-BF6CA48609E0}"
EndProject
Project("{FAE04EC0-301F-11D3-BF4B-00C04F79EFBC}") = "TestScreenshot", "TestScreenshot\TestScreenshot.csproj", "{F6FB7CAD-7FBA-448B-98D7-B20FA24600BF}"
EndProject
Project("{8BC9CEB8-8B4A-11D0-8D11-00A0C91BC942}") = "LaunchBrowser", "LaunchBrowser\LaunchBrowser.vcxproj", "{AC5550F6-AFB3-4202-96F5-FB670FFA4EFF}"
EndProject
Global
	GlobalSection(SolutionConfigurationPlatforms) = preSolution
		Debug|Any CPU = Debug|Any CPU
		Debug|Mixed Platforms = Debug|Mixed Platforms
		Debug|Win32 = Debug|Win32
		Debug|x64 = Debug|x64
		Release|Any CPU = Release|Any CPU
		Release|Mixed Platforms = Release|Mixed Platforms
		Release|Win32 = Release|Win32
		Release|x64 = Release|x64
	EndGlobalSection
	GlobalSection(ProjectConfigurationPlatforms) = postSolution
		{0E19B078-C22D-4C1B-81AA-BF6CA48609E0}.Debug|Any CPU.ActiveCfg = Debug|Any CPU
		{0E19B078-C22D-4C1B-81AA-BF6CA48609E0}.Debug|Any CPU.Build.0 = Debug|Any CPU
		{0E19B078-C22D-4C1B-81AA-BF6CA48609E0}.Debug|Mixed Platforms.ActiveCfg = Debug|Any CPU
		{0E19B078-C22D-4C1B-81AA-BF6CA48609E0}.Debug|Mixed Platforms.Build.0 = Debug|Any CPU
		{0E19B078-C22D-4C1B-81AA-BF6CA48609E0}.Debug|Win32.ActiveCfg = Debug|Any CPU
		{0E19B078-C22D-4C1B-81AA-BF6CA48609E0}.Debug|x64.ActiveCfg = Debug|Any CPU
		{0E19B078-C22D-4C1B-81AA-BF6CA48609E0}.Release|Any CPU.ActiveCfg = Release|Any CPU
		{0E19B078-C22D-4C1B-81AA-BF6CA48609E0}.Release|Any CPU.Build.0 = Release|Any CPU
		{0E19B078-C22D-4C1B-81AA-BF6CA48609E0}.Release|Mixed Platforms.ActiveCfg = Release|Any CPU
		{0E19B078-C22D-4C1B-81AA-BF6CA48609E0}.Release|Mixed Platforms.Build.0 = Release|Any CPU
		{0E19B078-C22D-4C1B-81AA-BF6CA48609E0}.Release|Win32.ActiveCfg = Release|Any CPU
		{0E19B078-C22D-4C1B-81AA-BF6CA48609E0}.Release|x64.ActiveCfg = Release|Any CPU
		{F6FB7CAD-7FBA-448B-98D7-B20FA24600BF}.Debug|Any CPU.ActiveCfg = Debug|Any CPU
		{F6FB7CAD-7FBA-448B-98D7-B20FA24600BF}.Debug|Any CPU.Build.0 = Debug|Any CPU
		{F6FB7CAD-7FBA-448B-98D7-B20FA24600BF}.Debug|Mixed Platforms.ActiveCfg = Debug|Any CPU
		{F6FB7CAD-7FBA-448B-98D7-B20FA24600BF}.Debug|Mixed Platforms.Build.0 = Debug|Any CPU
		{F6FB7CAD-7FBA-448B-98D7-B20FA24600BF}.Debug|Win32.ActiveCfg = Debug|Any CPU
		{F6FB7CAD-7FBA-448B-98D7-B20FA24600BF}.Debug|x64.ActiveCfg = Debug|Any CPU
		{F6FB7CAD-7FBA-448B-98D7-B20FA24600BF}.Release|Any CPU.ActiveCfg = Release|Any CPU
		{F6FB7CAD-7FBA-448B-98D7-B20FA24600BF}.Release|Any CPU.Build.0 = Release|Any CPU
		{F6FB7CAD-7FBA-448B-98D7-B20FA24600BF}.Release|Mixed Platforms.ActiveCfg = Release|Any CPU
		{F6FB7CAD-7FBA-448B-98D7-B20FA24600BF}.Release|Mixed Platforms.Build.0 = Release|Any CPU
		{F6FB7CAD-7FBA-448B-98D7-B20FA24600BF}.Release|Win32.ActiveCfg = Release|Any CPU
		{F6FB7CAD-7FBA-448B-98D7-B20FA24600BF}.Release|x64.ActiveCfg = Release|Any CPU
		{AC5550F6-AFB3-4202-96F5-FB670FFA4EFF}.Debug|Any CPU.ActiveCfg = Debug|Win32
		{AC5550F6-AFB3-4202-96F5-FB670FFA4EFF}.Debug|Mixed Platforms.ActiveCfg = Debug|Win32
		{AC5550F6-AFB3-4202-96F5-FB670FFA4EFF}.Debug|Mixed Platforms.Build.0 = Debug|Win32
		{AC5550F6-AFB3-4202-96F5-FB670FFA4EFF}.Debug|Win32.ActiveCfg = Debug|Win32
		{AC5550F6-AFB3-4202-96F5-FB670FFA4EFF}.Debug|Win32.Build.0 = Debug|Win32
		{AC5550F6-AFB3-4202-96F5-FB670FFA4EFF}.Debug|x64.ActiveCfg = Debug|Win32
		{AC5550F6-AFB3-4202-96F5-FB670FFA4EFF}.Release|Any CPU.ActiveCfg = Release|Win32
		{AC5550F6-AFB3-4202-96F5-FB670FFA4EFF}.Release|Mixed Platforms.ActiveCfg = Release|Win32
		{AC5550F6-AFB3-4202-96F5-FB670FFA4EFF}.Release|Mixed Platforms.Build.0 = Release|Win32
		{AC5550F6-AFB3-4202-96F5-FB670FFA4EFF}.Release|Win32.ActiveCfg = Release|Win32
		{AC5550F6-AFB3-4202-96F5-FB670FFA4EFF}.Release|Win32.Build.0 = Release|Win32
		{AC5550F6-AFB3-4202-96F5-FB670FFA4EFF}.Release|x64.ActiveCfg = Release|Win32
	EndGlobalSection
	GlobalSection(SolutionProperties) = preSolution
		HideSolutionNode = FALSE
	EndGlobalSection
EndGlobal
